Microsoft Visual Studio Solution File, Format Version 12.00
# Visual Studio 2012
Project("{FAE04EC0-301F-11D3-BF4B-00C04F79EFBC}") = "GMTK25", "GMTK25.csproj", "{E6C610B1-2E80-4EDA-A7F1-471737257479}"
EndProject
Global
	GlobalSection(SolutionConfigurationPlatforms) = preSolution
	Debug|Any CPU = Debug|Any CPU
	ExportDebug|Any CPU = ExportDebug|Any CPU
	ExportRelease|Any CPU = ExportRelease|Any CPU
	EndGlobalSection
	GlobalSection(ProjectConfigurationPlatforms) = postSolution
		{E6C610B1-2E80-4EDA-A7F1-471737257479}.Debug|Any CPU.ActiveCfg = Debug|Any CPU
		{E6C610B1-2E80-4EDA-A7F1-471737257479}.Debug|Any CPU.Build.0 = Debug|Any CPU
		{E6C610B1-2E80-4EDA-A7F1-471737257479}.ExportDebug|Any CPU.ActiveCfg = ExportDebug|Any CPU
		{E6C610B1-2E80-4EDA-A7F1-471737257479}.ExportDebug|Any CPU.Build.0 = ExportDebug|Any CPU
		{E6C610B1-2E80-4EDA-A7F1-471737257479}.ExportRelease|Any CPU.ActiveCfg = ExportRelease|Any CPU
		{E6C610B1-2E80-4EDA-A7F1-471737257479}.ExportRelease|Any CPU.Build.0 = ExportRelease|Any CPU
	EndGlobalSection
EndGlobal
